// !$*UTF8*$!
{
	archiveVersion = 1;
	classes = {};
	objectVersion = 60;
	objects = {

/* Begin PBXBuildFile section */
		A10000000000000000000001 /* NavoPassApp.swift in Sources */ = {isa = PBXBuildFile; fileRef = B10000000000000000000001 /* NavoPassApp.swift */; };
		A10000000000000000000002 /* Models.swift in Sources */ = {isa = PBXBuildFile; fileRef = B10000000000000000000002 /* Models.swift */; };
		A10000000000000000000003 /* APIClient.swift in Sources */ = {isa = PBXBuildFile; fileRef = B10000000000000000000003 /* APIClient.swift */; };
		A10000000000000000000004 /* RootView.swift in Sources */ = {isa = PBXBuildFile; fileRef = B10000000000000000000004 /* RootView.swift */; };
		A10000000000000000000005 /* LoginView.swift in Sources */ = {isa = PBXBuildFile; fileRef = B10000000000000000000005 /* LoginView.swift */; };
		A10000000000000000000006 /* AssetViews.swift in Sources */ = {isa = PBXBuildFile; fileRef = B10000000000000000000006 /* AssetViews.swift */; };
		A10000000000000000000007 /* ScannerScreen.swift in Sources */ = {isa = PBXBuildFile; fileRef = B10000000000000000000007 /* ScannerScreen.swift */; };
		A10000000000000000000008 /* AccountView.swift in Sources */ = {isa = PBXBuildFile; fileRef = B10000000000000000000008 /* AccountView.swift */; };
		A10000000000000000000009 /* Assets.xcassets in Resources */ = {isa = PBXBuildFile; fileRef = B10000000000000000000009 /* Assets.xcassets */; };
		A1000000000000000000000A /* Localizable.strings in Resources */ = {isa = PBXBuildFile; fileRef = B1000000000000000000000A /* Localizable.strings */; };
		A1000000000000000000000B /* InfoPlist.strings in Resources */ = {isa = PBXBuildFile; fileRef = B1000000000000000000000E /* InfoPlist.strings */; };
/* End PBXBuildFile section */

/* Begin PBXFileReference section */
		B10000000000000000000001 /* NavoPassApp.swift */ = {isa = PBXFileReference; lastKnownFileType = sourcecode.swift; path = NavoPassApp.swift; sourceTree = "<group>"; };
		B10000000000000000000002 /* Models.swift */ = {isa = PBXFileReference; lastKnownFileType = sourcecode.swift; path = Models.swift; sourceTree = "<group>"; };
		B10000000000000000000003 /* APIClient.swift */ = {isa = PBXFileReference; lastKnownFileType = sourcecode.swift; path = APIClient.swift; sourceTree = "<group>"; };
		B10000000000000000000004 /* RootView.swift */ = {isa = PBXFileReference; lastKnownFileType = sourcecode.swift; path = RootView.swift; sourceTree = "<group>"; };
		B10000000000000000000005 /* LoginView.swift */ = {isa = PBXFileReference; lastKnownFileType = sourcecode.swift; path = LoginView.swift; sourceTree = "<group>"; };
		B10000000000000000000006 /* AssetViews.swift */ = {isa = PBXFileReference; lastKnownFileType = sourcecode.swift; path = AssetViews.swift; sourceTree = "<group>"; };
		B10000000000000000000007 /* ScannerScreen.swift */ = {isa = PBXFileReference; lastKnownFileType = sourcecode.swift; path = ScannerScreen.swift; sourceTree = "<group>"; };
		B10000000000000000000008 /* AccountView.swift */ = {isa = PBXFileReference; lastKnownFileType = sourcecode.swift; path = AccountView.swift; sourceTree = "<group>"; };
		B10000000000000000000009 /* Assets.xcassets */ = {isa = PBXFileReference; lastKnownFileType = folder.assetcatalog; path = Assets.xcassets; sourceTree = "<group>"; };
		B1000000000000000000000B /* en */ = {isa = PBXFileReference; lastKnownFileType = text.plist.strings; name = en; path = en.lproj/Localizable.strings; sourceTree = "<group>"; };
		B1000000000000000000000C /* de */ = {isa = PBXFileReference; lastKnownFileType = text.plist.strings; name = de; path = de.lproj/Localizable.strings; sourceTree = "<group>"; };
		B1000000000000000000000D /* NavoPass.app */ = {isa = PBXFileReference; explicitFileType = wrapper.application; includeInIndex = 0; path = NavoPass.app; sourceTree = BUILT_PRODUCTS_DIR; };
		B1000000000000000000000F /* en */ = {isa = PBXFileReference; lastKnownFileType = text.plist.strings; name = en; path = en.lproj/InfoPlist.strings; sourceTree = "<group>"; };
		B10000000000000000000010 /* de */ = {isa = PBXFileReference; lastKnownFileType = text.plist.strings; name = de; path = de.lproj/InfoPlist.strings; sourceTree = "<group>"; };
/* End PBXFileReference section */

/* Begin PBXFrameworksBuildPhase section */
		C10000000000000000000001 = {isa = PBXFrameworksBuildPhase; buildActionMask = 2147483647; files = (); runOnlyForDeploymentPostprocessing = 0; };
/* End PBXFrameworksBuildPhase section */

/* Begin PBXGroup section */
		D10000000000000000000001 = {isa = PBXGroup; children = (D10000000000000000000002 /* NavoPass */, D10000000000000000000003 /* Products */); sourceTree = "<group>"; };
		D10000000000000000000002 /* NavoPass */ = {isa = PBXGroup; path = NavoPass; sourceTree = "<group>"; children = (B10000000000000000000001, B10000000000000000000002, B10000000000000000000003, B10000000000000000000004, B10000000000000000000005, B10000000000000000000006, B10000000000000000000007, B10000000000000000000008, B10000000000000000000009, B1000000000000000000000A, B1000000000000000000000E); };
		D10000000000000000000003 /* Products */ = {isa = PBXGroup; name = Products; sourceTree = "<group>"; children = (B1000000000000000000000D /* NavoPass.app */); };
/* End PBXGroup section */

/* Begin PBXNativeTarget section */
		E10000000000000000000001 /* NavoPass */ = {isa = PBXNativeTarget; buildConfigurationList = F10000000000000000000001; buildPhases = (C10000000000000000000002, C10000000000000000000001, C10000000000000000000003); buildRules = (); dependencies = (); name = NavoPass; productName = NavoPass; productReference = B1000000000000000000000D; productType = "com.apple.product-type.application"; };
/* End PBXNativeTarget section */

/* Begin PBXProject section */
		E10000000000000000000002 /* Project object */ = {isa = PBXProject; attributes = {BuildIndependentTargetsInParallel = 1; LastSwiftUpdateCheck = 1600; LastUpgradeCheck = 1600; TargetAttributes = {E10000000000000000000001 = {CreatedOnToolsVersion = 16.0; }; }; }; buildConfigurationList = F10000000000000000000002; compatibilityVersion = "Xcode 15.0"; developmentRegion = en; hasScannedForEncodings = 0; knownRegions = (en, de, Base); mainGroup = D10000000000000000000001; productRefGroup = D10000000000000000000003; projectDirPath = ""; projectRoot = ""; targets = (E10000000000000000000001); };
/* End PBXProject section */

/* Begin PBXResourcesBuildPhase section */
		C10000000000000000000003 = {isa = PBXResourcesBuildPhase; buildActionMask = 2147483647; files = (A10000000000000000000009, A1000000000000000000000A, A1000000000000000000000B); runOnlyForDeploymentPostprocessing = 0; };
/* End PBXResourcesBuildPhase section */

/* Begin PBXSourcesBuildPhase section */
		C10000000000000000000002 = {isa = PBXSourcesBuildPhase; buildActionMask = 2147483647; files = (A10000000000000000000001, A10000000000000000000002, A10000000000000000000003, A10000000000000000000004, A10000000000000000000005, A10000000000000000000006, A10000000000000000000007, A10000000000000000000008); runOnlyForDeploymentPostprocessing = 0; };
/* End PBXSourcesBuildPhase section */

/* Begin PBXVariantGroup section */
		B1000000000000000000000A /* Localizable.strings */ = {isa = PBXVariantGroup; children = (B1000000000000000000000B, B1000000000000000000000C); name = Localizable.strings; sourceTree = "<group>"; };
		B1000000000000000000000E /* InfoPlist.strings */ = {isa = PBXVariantGroup; children = (B1000000000000000000000F, B10000000000000000000010); name = InfoPlist.strings; sourceTree = "<group>"; };
/* End PBXVariantGroup section */

/* Begin XCBuildConfiguration section */
		F20000000000000000000001 = {isa = XCBuildConfiguration; buildSettings = {ASSETCATALOG_COMPILER_APPICON_NAME = AppIcon; ASSETCATALOG_COMPILER_GLOBAL_ACCENT_COLOR_NAME = AccentColor; CODE_SIGN_STYLE = Automatic; CURRENT_PROJECT_VERSION = 1; DEVELOPMENT_ASSET_PATHS = ""; ENABLE_PREVIEWS = YES; GENERATE_INFOPLIST_FILE = YES; INFOPLIST_KEY_CFBundleDisplayName = NavoPass; INFOPLIST_KEY_NSCameraUsageDescription = "NavoPass uses the camera only to scan NavoPass QR codes."; IPHONEOS_DEPLOYMENT_TARGET = 17.0; MARKETING_VERSION = 1.0; PRODUCT_BUNDLE_IDENTIFIER = de.kamilunavo.navopass; PRODUCT_NAME = "$(TARGET_NAME)"; SWIFT_EMIT_LOC_STRINGS = YES; SWIFT_VERSION = 5.0; TARGETED_DEVICE_FAMILY = 1; }; name = Debug; };
		F20000000000000000000002 = {isa = XCBuildConfiguration; buildSettings = {ASSETCATALOG_COMPILER_APPICON_NAME = AppIcon; ASSETCATALOG_COMPILER_GLOBAL_ACCENT_COLOR_NAME = AccentColor; CODE_SIGN_STYLE = Automatic; CURRENT_PROJECT_VERSION = 1; DEVELOPMENT_ASSET_PATHS = ""; ENABLE_PREVIEWS = YES; GENERATE_INFOPLIST_FILE = YES; INFOPLIST_KEY_CFBundleDisplayName = NavoPass; INFOPLIST_KEY_NSCameraUsageDescription = "NavoPass uses the camera only to scan NavoPass QR codes."; IPHONEOS_DEPLOYMENT_TARGET = 17.0; MARKETING_VERSION = 1.0; PRODUCT_BUNDLE_IDENTIFIER = de.kamilunavo.navopass; PRODUCT_NAME = "$(TARGET_NAME)"; SWIFT_EMIT_LOC_STRINGS = YES; SWIFT_VERSION = 5.0; TARGETED_DEVICE_FAMILY = 1; VALIDATE_PRODUCT = YES; }; name = Release; };
		F20000000000000000000003 = {isa = XCBuildConfiguration; buildSettings = {ALWAYS_SEARCH_USER_PATHS = NO; CLANG_ANALYZER_NONNULL = YES; CLANG_ENABLE_MODULES = YES; CLANG_ENABLE_OBJC_ARC = YES; CLANG_WARN_BOOL_CONVERSION = YES; CLANG_WARN_CONSTANT_CONVERSION = YES; CLANG_WARN_DEPRECATED_OBJC_IMPLEMENTATIONS = YES; CLANG_WARN_DOCUMENTATION_COMMENTS = YES; CLANG_WARN_EMPTY_BODY = YES; CLANG_WARN_ENUM_CONVERSION = YES; CLANG_WARN_INFINITE_RECURSION = YES; CLANG_WARN_INT_CONVERSION = YES; CLANG_WARN_NON_LITERAL_NULL_CONVERSION = YES; CLANG_WARN_OBJC_IMPLICIT_RETAIN_SELF = YES; CLANG_WARN_OBJC_LITERAL_CONVERSION = YES; CLANG_WARN_RANGE_LOOP_ANALYSIS = YES; CLANG_WARN_STRICT_PROTOTYPES = YES; CLANG_WARN_SUSPICIOUS_MOVE = YES; CLANG_WARN_UNGUARDED_AVAILABILITY = YES_AGGRESSIVE; COPY_PHASE_STRIP = NO; DEBUG_INFORMATION_FORMAT = dwarf; ENABLE_STRICT_OBJC_MSGSEND = YES; ENABLE_TESTABILITY = YES; GCC_C_LANGUAGE_STANDARD = gnu17; GCC_NO_COMMON_BLOCKS = YES; GCC_OPTIMIZATION_LEVEL = 0; GCC_PREPROCESSOR_DEFINITIONS = ("DEBUG=1", "$(inherited)"); GCC_WARN_64_TO_32_BIT_CONVERSION = YES; GCC_WARN_ABOUT_RETURN_TYPE = YES_ERROR; GCC_WARN_UNDECLARED_SELECTOR = YES; GCC_WARN_UNINITIALIZED_AUTOS = YES_AGGRESSIVE; GCC_WARN_UNUSED_FUNCTION = YES; GCC_WARN_UNUSED_VARIABLE = YES; IPHONEOS_DEPLOYMENT_TARGET = 17.0; MTL_ENABLE_DEBUG_INFO = INCLUDE_SOURCE; ONLY_ACTIVE_ARCH = YES; SDKROOT = iphoneos; SWIFT_ACTIVE_COMPILATION_CONDITIONS = "DEBUG $(inherited)"; SWIFT_OPTIMIZATION_LEVEL = "-Onone"; }; name = Debug; };
		F20000000000000000000004 = {isa = XCBuildConfiguration; buildSettings = {ALWAYS_SEARCH_USER_PATHS = NO; CLANG_ANALYZER_NONNULL = YES; CLANG_ENABLE_MODULES = YES; CLANG_ENABLE_OBJC_ARC = YES; CLANG_WARN_BOOL_CONVERSION = YES; CLANG_WARN_CONSTANT_CONVERSION = YES; CLANG_WARN_DEPRECATED_OBJC_IMPLEMENTATIONS = YES; CLANG_WARN_DOCUMENTATION_COMMENTS = YES; CLANG_WARN_EMPTY_BODY = YES; CLANG_WARN_ENUM_CONVERSION = YES; CLANG_WARN_INFINITE_RECURSION = YES; CLANG_WARN_INT_CONVERSION = YES; CLANG_WARN_NON_LITERAL_NULL_CONVERSION = YES; CLANG_WARN_OBJC_IMPLICIT_RETAIN_SELF = YES; CLANG_WARN_OBJC_LITERAL_CONVERSION = YES; CLANG_WARN_RANGE_LOOP_ANALYSIS = YES; CLANG_WARN_STRICT_PROTOTYPES = YES; CLANG_WARN_SUSPICIOUS_MOVE = YES; CLANG_WARN_UNGUARDED_AVAILABILITY = YES_AGGRESSIVE; COPY_PHASE_STRIP = NO; DEBUG_INFORMATION_FORMAT = "dwarf-with-dsym"; ENABLE_NS_ASSERTIONS = NO; ENABLE_STRICT_OBJC_MSGSEND = YES; GCC_C_LANGUAGE_STANDARD = gnu17; GCC_NO_COMMON_BLOCKS = YES; GCC_WARN_64_TO_32_BIT_CONVERSION = YES; GCC_WARN_ABOUT_RETURN_TYPE = YES_ERROR; GCC_WARN_UNDECLARED_SELECTOR = YES; GCC_WARN_UNINITIALIZED_AUTOS = YES_AGGRESSIVE; GCC_WARN_UNUSED_FUNCTION = YES; GCC_WARN_UNUSED_VARIABLE = YES; IPHONEOS_DEPLOYMENT_TARGET = 17.0; MTL_ENABLE_DEBUG_INFO = NO; SDKROOT = iphoneos; SWIFT_COMPILATION_MODE = wholemodule; VALIDATE_PRODUCT = YES; }; name = Release; };
/* End XCBuildConfiguration section */

/* Begin XCConfigurationList section */
		F10000000000000000000001 = {isa = XCConfigurationList; buildConfigurations = (F20000000000000000000001, F20000000000000000000002); defaultConfigurationIsVisible = 0; defaultConfigurationName = Release; };
		F10000000000000000000002 = {isa = XCConfigurationList; buildConfigurations = (F20000000000000000000003, F20000000000000000000004); defaultConfigurationIsVisible = 0; defaultConfigurationName = Release; };
/* End XCConfigurationList section */
	};
	rootObject = E10000000000000000000002 /* Project object */;
}
